GIT
  remote: git://github.com/lostisland/faraday.git
  revision: c4d835493a646f122472306eaecfe77b1be6c921
  specs:
    faraday (0.9.0.pre)
      multipart-post (~> 1.1)

GIT
  remote: git://github.com/lostisland/faraday_middleware.git
  revision: 1d5f8996af2888a07b0ebed87a16d91445d2b6d3
  branch: next
  specs:
    faraday_middleware (0.9.0)
      faraday (= 0.9.0.pre)

PATH
  remote: ..
  specs:
    faraday-http-cache (0.3.0.dev)
      activesupport (>= 3.0)
      faraday (~> 0.8)
      multi_json (~> 1.3)

GEM
  remote: http://rubygems.org/
  specs:
    activesupport (4.0.0)
      i18n (~> 0.6, >= 0.6.4)
      minitest (~> 4.2)
      multi_json (~> 1.3)
      thread_safe (~> 0.1)
      tzinfo (~> 0.3.37)
    addressable (2.3.5)
    atomic (1.1.12)
    cookiejar (0.3.0)
    diff-lcs (1.2.4)
    em-http-request (1.1.0)
      addressable (>= 2.3.4)
      cookiejar
      em-socksify (>= 0.3)
      eventmachine (>= 1.0.3)
      http_parser.rb (>= 0.6.0.beta.2)
    em-socksify (0.3.0)
      eventmachine (>= 1.0.0.beta.4)
    eventmachine (1.0.3)
    http_parser.rb (0.6.0.beta.2)
    i18n (0.6.4)
    json (1.8.0)
    minitest (4.7.5)
    multi_json (1.7.8)
    multipart-post (1.2.0)
    rack (1.5.2)
    rack-protection (1.5.0)
      rack
    rake (10.1.0)
    rspec (2.14.0)
      rspec-core (~> 2.14.0)
      rspec-expectations (~> 2.14.0)
      rspec-mocks (~> 2.14.0)
    rspec-core (2.14.0)
    rspec-expectations (2.14.0)
      diff-lcs (>= 1.1.3, < 2.0)
    rspec-mocks (2.14.0)
    sinatra (1.4.3)
      rack (~> 1.4)
      rack-protection (~> 1.4)
      tilt (~> 1.3, >= 1.3.4)
    thread_safe (0.1.2)
      atomic
    tilt (1.4.1)
    tzinfo (0.3.37)

PLATFORMS
  ruby

DEPENDENCIES
  em-http-request (~> 1.1.0)
  faraday!
  faraday-http-cache!
  faraday_middleware!
  json (~> 1.8.0)
  rake (~> 10.1.0)
  rspec (~> 2.14.0)
  sinatra (~> 1.4.3)
